
Microsoft Visual Studio Solution File, Format Version 12.00
# Visual Studio 15
VisualStudioVersion = 15.0.28307.1000
MinimumVisualStudioVersion = 10.0.40219.1
Project("{FAE04EC0-301F-11D3-BF4B-00C04F79EFBC}") = "EasyLoU", "EasyLoU\EasyLoU.csproj", "{FA306F00-F6FE-485B-BDFD-6B05B89D4799}"
EndProject
Project("{FAE04EC0-301F-11D3-BF4B-00C04F79EFBC}") = "MoonSharp.Interpreter.net35-client", "MoonSharp.Interpreter\MoonSharp.Interpreter.net35-client.csproj", "{91EA9B9D-FE03-4273-BDAF-8AD42EDE1E59}"
EndProject
Project("{FAE04EC0-301F-11D3-BF4B-00C04F79EFBC}") = "ICSharpCode.TextEditorEx", "ICSharpCode.TextEditorEx\ICSharpCode.TextEditorEx.csproj", "{2D18BE89-D210-49EB-A9DD-2246FBB3DF6D}"
EndProject
Project("{FAE04EC0-301F-11D3-BF4B-00C04F79EFBC}") = "LoU", "LoU\LoU.csproj", "{99E17151-042B-499D-B752-5B185AB289FA}"
EndProject
Global
	GlobalSection(SolutionConfigurationPlatforms) = preSolution
		Debug|x64 = Debug|x64
		Dev|x64 = Dev|x64
		Devp4|x64 = Devp4|x64
		Release|x64 = Release|x64
	EndGlobalSection
	GlobalSection(ProjectConfigurationPlatforms) = postSolution
		{FA306F00-F6FE-485B-BDFD-6B05B89D4799}.Debug|x64.ActiveCfg = Debug|x64
		{FA306F00-F6FE-485B-BDFD-6B05B89D4799}.Debug|x64.Build.0 = Debug|x64
		{FA306F00-F6FE-485B-BDFD-6B05B89D4799}.Dev|x64.ActiveCfg = Debug|x64
		{FA306F00-F6FE-485B-BDFD-6B05B89D4799}.Dev|x64.Build.0 = Debug|x64
		{FA306F00-F6FE-485B-BDFD-6B05B89D4799}.Devp4|x64.ActiveCfg = Debug|x64
		{FA306F00-F6FE-485B-BDFD-6B05B89D4799}.Devp4|x64.Build.0 = Debug|x64
		{FA306F00-F6FE-485B-BDFD-6B05B89D4799}.Release|x64.ActiveCfg = Release|x64
		{FA306F00-F6FE-485B-BDFD-6B05B89D4799}.Release|x64.Build.0 = Release|x64
		{91EA9B9D-FE03-4273-BDAF-8AD42EDE1E59}.Debug|x64.ActiveCfg = Debug|x64
		{91EA9B9D-FE03-4273-BDAF-8AD42EDE1E59}.Debug|x64.Build.0 = Debug|x64
		{91EA9B9D-FE03-4273-BDAF-8AD42EDE1E59}.Dev|x64.ActiveCfg = Dev|x64
		{91EA9B9D-FE03-4273-BDAF-8AD42EDE1E59}.Dev|x64.Build.0 = Dev|x64
		{91EA9B9D-FE03-4273-BDAF-8AD42EDE1E59}.Devp4|x64.ActiveCfg = Devp4|x64
		{91EA9B9D-FE03-4273-BDAF-8AD42EDE1E59}.Devp4|x64.Build.0 = Devp4|x64
		{91EA9B9D-FE03-4273-BDAF-8AD42EDE1E59}.Release|x64.ActiveCfg = Release|x64
		{91EA9B9D-FE03-4273-BDAF-8AD42EDE1E59}.Release|x64.Build.0 = Release|x64
		{2D18BE89-D210-49EB-A9DD-2246FBB3DF6D}.Debug|x64.ActiveCfg = Debug|x64
		{2D18BE89-D210-49EB-A9DD-2246FBB3DF6D}.Debug|x64.Build.0 = Debug|x64
		{2D18BE89-D210-49EB-A9DD-2246FBB3DF6D}.Dev|x64.ActiveCfg = Debug|x64
		{2D18BE89-D210-49EB-A9DD-2246FBB3DF6D}.Dev|x64.Build.0 = Debug|x64
		{2D18BE89-D210-49EB-A9DD-2246FBB3DF6D}.Devp4|x64.ActiveCfg = Debug|x64
		{2D18BE89-D210-49EB-A9DD-2246FBB3DF6D}.Devp4|x64.Build.0 = Debug|x64
		{2D18BE89-D210-49EB-A9DD-2246FBB3DF6D}.Release|x64.ActiveCfg = Release|x64
		{2D18BE89-D210-49EB-A9DD-2246FBB3DF6D}.Release|x64.Build.0 = Release|x64
		{99E17151-042B-499D-B752-5B185AB289FA}.Debug|x64.ActiveCfg = Debug|x64
		{99E17151-042B-499D-B752-5B185AB289FA}.Debug|x64.Build.0 = Debug|x64
		{99E17151-042B-499D-B752-5B185AB289FA}.Dev|x64.ActiveCfg = Debug|x64
		{99E17151-042B-499D-B752-5B185AB289FA}.Dev|x64.Build.0 = Debug|x64
		{99E17151-042B-499D-B752-5B185AB289FA}.Devp4|x64.ActiveCfg = Debug|x64
		{99E17151-042B-499D-B752-5B185AB289FA}.Devp4|x64.Build.0 = Debug|x64
		{99E17151-042B-499D-B752-5B185AB289FA}.Release|x64.ActiveCfg = Release|x64
		{99E17151-042B-499D-B752-5B185AB289FA}.Release|x64.Build.0 = Release|x64
	EndGlobalSection
	GlobalSection(SolutionProperties) = preSolution
		HideSolutionNode = FALSE
	EndGlobalSection
	GlobalSection(ExtensibilityGlobals) = postSolution
		SolutionGuid = {105DDC8E-9FF7-44B0-A8BC-074AA2463231}
	EndGlobalSection
EndGlobal
